
Microsoft Visual Studio Solution File, Format Version 12.00
# Visual Studio Version 17
VisualStudioVersion = 17.3.32929.385
MinimumVisualStudioVersion = 10.0.40219.1
Project("{FAE04EC0-301F-11D3-BF4B-00C04F79EFBC}") = "WindowsFormsApp1", "WindowsFormsApp1\WindowsFormsApp1.csproj", "{A3E0A31B-4236-44B1-9B56-B1A8370A31DA}"
EndProject
Global
	GlobalSection(SolutionConfigurationPlatforms) = preSolution
		Debug|Any CPU = Debug|Any CPU
		Release|Any CPU = Release|Any CPU
	EndGlobalSection
	GlobalSection(ProjectConfigurationPlatforms) = postSolution
		{A3E0A31B-4236-44B1-9B56-B1A8370A31DA}.Debug|Any CPU.ActiveCfg = Debug|Any CPU
		{A3E0A31B-4236-44B1-9B56-B1A8370A31DA}.Debug|Any CPU.Build.0 = Debug|Any CPU
		{A3E0A31B-4236-44B1-9B56-B1A8370A31DA}.Release|Any CPU.ActiveCfg = Release|Any CPU
		{A3E0A31B-4236-44B1-9B56-B1A8370A31DA}.Release|Any CPU.Build.0 = Release|Any CPU
	EndGlobalSection
	GlobalSection(SolutionProperties) = preSolution
		HideSolutionNode = FALSE
	EndGlobalSection
	GlobalSection(ExtensibilityGlobals) = postSolution
		SolutionGuid = {1570C623-3D05-4606-AFC9-0709246EA84A}
	EndGlobalSection
EndGlobal
